// !$*UTF8*$!
{
	archiveVersion = 1;
	classes = {
	};
	objectVersion = 46;
	objects = {

/* Begin PBXBuildFile section */
		DA0B63B61E7AD2780021F509 /* main.m in Sources */ = {isa = PBXBuildFile; fileRef = DA0B63B51E7AD2780021F509 /* main.m */; };
		DA0B63BF1E7AD2870021F509 /* GLUT.framework in Frameworks */ = {isa = PBXBuildFile; fileRef = DA0B63BD1E7AD2870021F509 /* GLUT.framework */; };
		DA0B63C01E7AD2870021F509 /* OpenGL.framework in Frameworks */ = {isa = PBXBuildFile; fileRef = DA0B63BE1E7AD2870021F509 /* OpenGL.framework */; };
/* End PBXBuildFile section */

/* Begin PBXCopyFilesBuildPhase section */
		DA0B63B01E7AD2780021F509 /* CopyFiles */ = {
			isa = PBXCopyFilesBuildPhase;
			buildActionMask = 2147483647;
			dstPath = /usr/share/man/man1/;
			dstSubfolderSpec = 0;
			files = (
			);
			runOnlyForDeploymentPostprocessing = 1;
		};
/* End PBXCopyFilesBuildPhase section */

/* Begin PBXFileReference section */
		DA0B63B21E7AD2780021F509 /* ThreeBalls */ = {isa = PBXFileReference; explicitFileType = "compiled.mach-o.executable"; includeInIndex = 0; path = ThreeBalls; sourceTree = BUILT_PRODUCTS_DIR; };
		DA0B63B51E7AD2780021F509 /* main.m */ = {isa = PBXFileReference; lastKnownFileType = sourcecode.c.objc; path = main.m; sourceTree = "<group>"; };
		DA0B63BD1E7AD2870021F509 /* GLUT.framework */ = {isa = PBXFileReference; lastKnownFileType = wrapper.framework; name = GLUT.framework; path = System/Library/Frameworks/GLUT.framework; sourceTree = SDKROOT; };
		DA0B63BE1E7AD2870021F509 /* OpenGL.framework */ = {isa = PBXFileReference; lastKnownFileType = wrapper.framework; name = OpenGL.framework; path = System/Library/Frameworks/OpenGL.framework; sourceTree = SDKROOT; };
/* End PBXFileReference section */

/* Begin PBXFrameworksBuildPhase section */
		DA0B63AF1E7AD2780021F509 /* Frameworks */ = {
			isa = PBXFrameworksBuildPhase;
			buildActionMask = 2147483647;
			files = (
				DA0B63BF1E7AD2870021F509 /* GLUT.framework in Frameworks */,
				DA0B63C01E7AD2870021F509 /* OpenGL.framework in Frameworks */,
			);
			runOnlyForDeploymentPostprocessing = 0;
		};
/* End PBXFrameworksBuildPhase section */

/* Begin PBXGroup section */
		DA0B63A91E7AD2780021F509 = {
			isa = PBXGroup;
			children = (
				DA0B63B41E7AD2780021F509 /* ThreeBalls */,
				DA0B63B31E7AD2780021F509 /* Products */,
				DA0B63BC1E7AD2870021F509 /* Frameworks */,
			);
			sourceTree = "<group>";
		};
		DA0B63B31E7AD2780021F509 /* Products */ = {
			isa = PBXGroup;
			children = (
				DA0B63B21E7AD2780021F509 /* ThreeBalls */,
			);
			name = Products;
			sourceTree = "<group>";
		};
		DA0B63B41E7AD2780021F509 /* ThreeBalls */ = {
			isa = PBXGroup;
			children = (
				DA0B63B51E7AD2780021F509 /* main.m */,
			);
			path = ThreeBalls;
			sourceTree = "<group>";
		};
		DA0B63BC1E7AD2870021F509 /* Frameworks */ = {
			isa = PBXGroup;
			children = (
				DA0B63BD1E7AD2870021F509 /* GLUT.framework */,
				DA0B63BE1E7AD2870021F509 /* OpenGL.framework */,
			);
			name = Frameworks;
			sourceTree = "<group>";
		};
/* End PBXGroup section */

/* Begin PBXNativeTarget section */
		DA0B63B11E7AD2780021F509 /* ThreeBalls */ = {
			isa = PBXNativeTarget;
			buildConfigurationList = DA0B63B91E7AD2780021F509 /* Build configuration list for PBXNativeTarget "ThreeBalls" */;
			buildPhases = (
				DA0B63AE1E7AD2780021F509 /* Sources */,
				DA0B63AF1E7AD2780021F509 /* Frameworks */,
				DA0B63B01E7AD2780021F509 /* CopyFiles */,
			);
			buildRules = (
			);
			dependencies = (
			);
			name = ThreeBalls;
			productName = ThreeBalls;
			productReference = DA0B63B21E7AD2780021F509 /* ThreeBalls */;
			productType = "com.apple.product-type.tool";
		};
/* End PBXNativeTarget section */

/* Begin PBXProject section */
		DA0B63AA1E7AD2780021F509 /* Project object */ = {
			isa = PBXProject;
			attributes = {
				LastUpgradeCheck = 0820;
				ORGANIZATIONNAME = zh;
				TargetAttributes = {
					DA0B63B11E7AD2780021F509 = {
						CreatedOnToolsVersion = 8.2.1;
						ProvisioningStyle = Automatic;
					};
				};
			};
			buildConfigurationList = DA0B63AD1E7AD2780021F509 /* Build configuration list for PBXProject "ThreeBalls" */;
			compatibilityVersion = "Xcode 3.2";
			developmentRegion = English;
			hasScannedForEncodings = 0;
			knownRegions = (
				en,
			);
			mainGroup = DA0B63A91E7AD2780021F509;
			productRefGroup = DA0B63B31E7AD2780021F509 /* Products */;
			projectDirPath = "";
			projectRoot = "";
			targets = (
				DA0B63B11E7AD2780021F509 /* ThreeBalls */,
			);
		};
/* End PBXProject section */

/* Begin PBXSourcesBuildPhase section */
		DA0B63AE1E7AD2780021F509 /* Sources */ = {
			isa = PBXSourcesBuildPhase;
			buildActionMask = 2147483647;
			files = (
				DA0B63B61E7AD2780021F509 /* main.m in Sources */,
			);
			runOnlyForDeploymentPostprocessing = 0;
		};
/* End PBXSourcesBuildPhase section */

/* Begin XCBuildConfiguration section */
		DA0B63B71E7AD2780021F509 /* Debug */ = {
			isa = XCBuildConfiguration;
			buildSettings = {
				ALWAYS_SEARCH_USER_PATHS = NO;
				CLANG_ANALYZER_NONNULL = YES;
				CLANG_CXX_LANGUAGE_STANDARD = "gnu++0x";
				CLANG_CXX_LIBRARY = "libc++";
				CLANG_ENABLE_MODULES = YES;
				CLANG_ENABLE_OBJC_ARC = YES;
				CLANG_WARN_BOOL_CONVERSION = YES;
				CLANG_WARN_CONSTANT_CONVERSION = YES;
				CLANG_WARN_DIRECT_OBJC_ISA_USAGE = YES_ERROR;
				CLANG_WARN_DOCUMENTATION_COMMENTS = YES;
				CLANG_WARN_EMPTY_BODY = YES;
				CLANG_WARN_ENUM_CONVERSION = YES;
				CLANG_WARN_INFINITE_RECURSION = YES;
				CLANG_WARN_INT_CONVERSION = YES;
				CLANG_WARN_OBJC_ROOT_CLASS = YES_ERROR;
				CLANG_WARN_SUSPICIOUS_MOVE = YES;
				CLANG_WARN_UNREACHABLE_CODE = YES;
				CLANG_WARN__DUPLICATE_METHOD_MATCH = YES;
				CODE_SIGN_IDENTITY = "-";
				COPY_PHASE_STRIP = NO;
				DEBUG_INFORMATION_FORMAT = dwarf;
				ENABLE_STRICT_OBJC_MSGSEND = YES;
				ENABLE_TESTABILITY = YES;
				GCC_C_LANGUAGE_STANDARD = gnu99;
				GCC_DYNAMIC_NO_PIC = NO;
				GCC_NO_COMMON_BLOCKS = YES;
				GCC_OPTIMIZATION_LEVEL = 0;
				GCC_PREPROCESSOR_DEFINITIONS = (
					"DEBUG=1",
					"$(inherited)",
				);
				GCC_WARN_64_TO_32_BIT_CONVERSION = YES;
				GCC_WARN_ABOUT_RETURN_TYPE = YES_ERROR;
				GCC_WARN_UNDECLARED_SELECTOR = YES;
				GCC_WARN_UNINITIALIZED_AUTOS = YES_AGGRESSIVE;
				GCC_WARN_UNUSED_FUNCTION = YES;
				GCC_WARN_UNUSED_VARIABLE = YES;
				MACOSX_DEPLOYMENT_TARGET = 10.12;
				MTL_ENABLE_DEBUG_INFO = YES;
				ONLY_ACTIVE_ARCH = YES;
				SDKROOT = macosx;
			};
			name = Debug;
		};
		DA0B63B81E7AD2780021F509 /* Release */ = {
			isa = XCBuildConfiguration;
			buildSettings = {
				ALWAYS_SEARCH_USER_PATHS = NO;
				CLANG_ANALYZER_NONNULL = YES;
				CLANG_CXX_LANGUAGE_STANDARD = "gnu++0x";
				CLANG_CXX_LIBRARY = "libc++";
				CLANG_ENABLE_MODULES = YES;
				CLANG_ENABLE_OBJC_ARC = YES;
				CLANG_WARN_BOOL_CONVERSION = YES;
				CLANG_WARN_CONSTANT_CONVERSION = YES;
				CLANG_WARN_DIRECT_OBJC_ISA_USAGE = YES_ERROR;
				CLANG_WARN_DOCUMENTATION_COMMENTS = YES;
				CLANG_WARN_EMPTY_BODY = YES;
				CLANG_WARN_ENUM_CONVERSION = YES;
				CLANG_WARN_INFINITE_RECURSION = YES;
				CLANG_WARN_INT_CONVERSION = YES;
				CLANG_WARN_OBJC_ROOT_CLASS = YES_ERROR;
				CLANG_WARN_SUSPICIOUS_MOVE = YES;
				CLANG_WARN_UNREACHABLE_CODE = YES;
				CLANG_WARN__DUPLICATE_METHOD_MATCH = YES;
				CODE_SIGN_IDENTITY = "-";
				COPY_PHASE_STRIP = NO;
				DEBUG_INFORMATION_FORMAT = "dwarf-with-dsym";
				ENABLE_NS_ASSERTIONS = NO;
				ENABLE_STRICT_OBJC_MSGSEND = YES;
				GCC_C_LANGUAGE_STANDARD = gnu99;
				GCC_NO_COMMON_BLOCKS = YES;
				GCC_WARN_64_TO_32_BIT_CONVERSION = YES;
				GCC_WARN_ABOUT_RETURN_TYPE = YES_ERROR;
				GCC_WARN_UNDECLARED_SELECTOR = YES;
				GCC_WARN_UNINITIALIZED_AUTOS = YES_AGGRESSIVE;
				GCC_WARN_UNUSED_FUNCTION = YES;
				GCC_WARN_UNUSED_VARIABLE = YES;
				MACOSX_DEPLOYMENT_TARGET = 10.12;
				MTL_ENABLE_DEBUG_INFO = NO;
				SDKROOT = macosx;
			};
			name = Release;
		};
		DA0B63BA1E7AD2780021F509 /* Debug */ = {
			isa = XCBuildConfiguration;
			buildSettings = {
				PRODUCT_NAME = "$(TARGET_NAME)";
			};
			name = Debug;
		};
		DA0B63BB1E7AD2780021F509 /* Release */ = {
			isa = XCBuildConfiguration;
			buildSettings = {
				PRODUCT_NAME = "$(TARGET_NAME)";
			};
			name = Release;
		};
/* End XCBuildConfiguration section */

/* Begin XCConfigurationList section */
		DA0B63AD1E7AD2780021F509 /* Build configuration list for PBXProject "ThreeBalls" */ = {
			isa = XCConfigurationList;
			buildConfigurations = (
				DA0B63B71E7AD2780021F509 /* Debug */,
				DA0B63B81E7AD2780021F509 /* Release */,
			);
			defaultConfigurationIsVisible = 0;
			defaultConfigurationName = Release;
		};
		DA0B63B91E7AD2780021F509 /* Build configuration list for PBXNativeTarget "ThreeBalls" */ = {
			isa = XCConfigurationList;
			buildConfigurations = (
				DA0B63BA1E7AD2780021F509 /* Debug */,
				DA0B63BB1E7AD2780021F509 /* Release */,
			);
			defaultConfigurationIsVisible = 0;
		};
/* End XCConfigurationList section */
	};
	rootObject = DA0B63AA1E7AD2780021F509 /* Project object */;
}
