// !$*UTF8*$!
{
	archiveVersion = 1;
	classes = {
	};
	objectVersion = 46;
	objects = {

/* Begin PBXBuildFile section */
		6A5089571E79714800A9156B /* main.cpp in Sources */ = {isa = PBXBuildFile; fileRef = 6A5089561E79714800A9156B /* main.cpp */; };
		6A50895F1E79715600A9156B /* OpenGL.framework in Frameworks */ = {isa = PBXBuildFile; fileRef = 6A50895E1E79715600A9156B /* OpenGL.framework */; };
		6A5089611E79716A00A9156B /* GLUT.framework in Frameworks */ = {isa = PBXBuildFile; fileRef = 6A5089601E79716A00A9156B /* GLUT.framework */; };
/* End PBXBuildFile section */

/* Begin PBXCopyFilesBuildPhase section */
		6A5089511E79714800A9156B /* CopyFiles */ = {
			isa = PBXCopyFilesBuildPhase;
			buildActionMask = 2147483647;
			dstPath = /usr/share/man/man1/;
			dstSubfolderSpec = 0;
			files = (
			);
			runOnlyForDeploymentPostprocessing = 1;
		};
/* End PBXCopyFilesBuildPhase section */

/* Begin PBXFileReference section */
		6A5089531E79714800A9156B /* Simple_SolarSystem */ = {isa = PBXFileReference; explicitFileType = "compiled.mach-o.executable"; includeInIndex = 0; path = Simple_SolarSystem; sourceTree = BUILT_PRODUCTS_DIR; };
		6A5089561E79714800A9156B /* main.cpp */ = {isa = PBXFileReference; lastKnownFileType = sourcecode.cpp.cpp; path = main.cpp; sourceTree = "<group>"; };
		6A50895E1E79715600A9156B /* OpenGL.framework */ = {isa = PBXFileReference; lastKnownFileType = wrapper.framework; name = OpenGL.framework; path = System/Library/Frameworks/OpenGL.framework; sourceTree = SDKROOT; };
		6A5089601E79716A00A9156B /* GLUT.framework */ = {isa = PBXFileReference; lastKnownFileType = wrapper.framework; name = GLUT.framework; path = System/Library/Frameworks/GLUT.framework; sourceTree = SDKROOT; };
/* End PBXFileReference section */

/* Begin PBXFrameworksBuildPhase section */
		6A5089501E79714800A9156B /* Frameworks */ = {
			isa = PBXFrameworksBuildPhase;
			buildActionMask = 2147483647;
			files = (
				6A5089611E79716A00A9156B /* GLUT.framework in Frameworks */,
				6A50895F1E79715600A9156B /* OpenGL.framework in Frameworks */,
			);
			runOnlyForDeploymentPostprocessing = 0;
		};
/* End PBXFrameworksBuildPhase section */

/* Begin PBXGroup section */
		6A50894A1E79714800A9156B = {
			isa = PBXGroup;
			children = (
				6A5089551E79714800A9156B /* Simple_SolarSystem */,
				6A5089541E79714800A9156B /* Products */,
				6A50895D1E79715600A9156B /* Frameworks */,
			);
			sourceTree = "<group>";
		};
		6A5089541E79714800A9156B /* Products */ = {
			isa = PBXGroup;
			children = (
				6A5089531E79714800A9156B /* Simple_SolarSystem */,
			);
			name = Products;
			sourceTree = "<group>";
		};
		6A5089551E79714800A9156B /* Simple_SolarSystem */ = {
			isa = PBXGroup;
			children = (
				6A5089561E79714800A9156B /* main.cpp */,
			);
			path = Simple_SolarSystem;
			sourceTree = "<group>";
		};
		6A50895D1E79715600A9156B /* Frameworks */ = {
			isa = PBXGroup;
			children = (
				6A5089601E79716A00A9156B /* GLUT.framework */,
				6A50895E1E79715600A9156B /* OpenGL.framework */,
			);
			name = Frameworks;
			sourceTree = "<group>";
		};
/* End PBXGroup section */

/* Begin PBXNativeTarget section */
		6A5089521E79714800A9156B /* Simple_SolarSystem */ = {
			isa = PBXNativeTarget;
			buildConfigurationList = 6A50895A1E79714800A9156B /* Build configuration list for PBXNativeTarget "Simple_SolarSystem" */;
			buildPhases = (
				6A50894F1E79714800A9156B /* Sources */,
				6A5089501E79714800A9156B /* Frameworks */,
				6A5089511E79714800A9156B /* CopyFiles */,
			);
			buildRules = (
			);
			dependencies = (
			);
			name = Simple_SolarSystem;
			productName = Simple_SolarSystem;
			productReference = 6A5089531E79714800A9156B /* Simple_SolarSystem */;
			productType = "com.apple.product-type.tool";
		};
/* End PBXNativeTarget section */

/* Begin PBXProject section */
		6A50894B1E79714800A9156B /* Project object */ = {
			isa = PBXProject;
			attributes = {
				LastUpgradeCheck = 0820;
				ORGANIZATIONNAME = Chanjun2016;
				TargetAttributes = {
					6A5089521E79714800A9156B = {
						CreatedOnToolsVersion = 8.2.1;
						DevelopmentTeam = UL9C9N8227;
						ProvisioningStyle = Automatic;
					};
				};
			};
			buildConfigurationList = 6A50894E1E79714800A9156B /* Build configuration list for PBXProject "Simple_SolarSystem" */;
			compatibilityVersion = "Xcode 3.2";
			developmentRegion = English;
			hasScannedForEncodings = 0;
			knownRegions = (
				en,
			);
			mainGroup = 6A50894A1E79714800A9156B;
			productRefGroup = 6A5089541E79714800A9156B /* Products */;
			projectDirPath = "";
			projectRoot = "";
			targets = (
				6A5089521E79714800A9156B /* Simple_SolarSystem */,
			);
		};
/* End PBXProject section */

/* Begin PBXSourcesBuildPhase section */
		6A50894F1E79714800A9156B /* Sources */ = {
			isa = PBXSourcesBuildPhase;
			buildActionMask = 2147483647;
			files = (
				6A5089571E79714800A9156B /* main.cpp in Sources */,
			);
			runOnlyForDeploymentPostprocessing = 0;
		};
/* End PBXSourcesBuildPhase section */

/* Begin XCBuildConfiguration section */
		6A5089581E79714800A9156B /* Debug */ = {
			isa = XCBuildConfiguration;
			buildSettings = {
				ALWAYS_SEARCH_USER_PATHS = NO;
				CLANG_ANALYZER_NONNULL = YES;
				CLANG_CXX_LANGUAGE_STANDARD = "gnu++0x";
				CLANG_CXX_LIBRARY = "libc++";
				CLANG_ENABLE_MODULES = YES;
				CLANG_ENABLE_OBJC_ARC = YES;
				CLANG_WARN_BOOL_CONVERSION = YES;
				CLANG_WARN_CONSTANT_CONVERSION = YES;
				CLANG_WARN_DIRECT_OBJC_ISA_USAGE = YES_ERROR;
				CLANG_WARN_DOCUMENTATION_COMMENTS = YES;
				CLANG_WARN_EMPTY_BODY = YES;
				CLANG_WARN_ENUM_CONVERSION = YES;
				CLANG_WARN_INFINITE_RECURSION = YES;
				CLANG_WARN_INT_CONVERSION = YES;
				CLANG_WARN_OBJC_ROOT_CLASS = YES_ERROR;
				CLANG_WARN_SUSPICIOUS_MOVE = YES;
				CLANG_WARN_UNREACHABLE_CODE = YES;
				CLANG_WARN__DUPLICATE_METHOD_MATCH = YES;
				CODE_SIGN_IDENTITY = "-";
				COPY_PHASE_STRIP = NO;
				DEBUG_INFORMATION_FORMAT = dwarf;
				ENABLE_STRICT_OBJC_MSGSEND = YES;
				ENABLE_TESTABILITY = YES;
				GCC_C_LANGUAGE_STANDARD = gnu99;
				GCC_DYNAMIC_NO_PIC = NO;
				GCC_NO_COMMON_BLOCKS = YES;
				GCC_OPTIMIZATION_LEVEL = 0;
				GCC_PREPROCESSOR_DEFINITIONS = (
					"DEBUG=1",
					"$(inherited)",
				);
				GCC_WARN_64_TO_32_BIT_CONVERSION = YES;
				GCC_WARN_ABOUT_RETURN_TYPE = YES_ERROR;
				GCC_WARN_UNDECLARED_SELECTOR = YES;
				GCC_WARN_UNINITIALIZED_AUTOS = YES_AGGRESSIVE;
				GCC_WARN_UNUSED_FUNCTION = YES;
				GCC_WARN_UNUSED_VARIABLE = YES;
				MACOSX_DEPLOYMENT_TARGET = 10.12;
				MTL_ENABLE_DEBUG_INFO = YES;
				ONLY_ACTIVE_ARCH = YES;
				SDKROOT = macosx;
			};
			name = Debug;
		};
		6A5089591E79714800A9156B /* Release */ = {
			isa = XCBuildConfiguration;
			buildSettings = {
				ALWAYS_SEARCH_USER_PATHS = NO;
				CLANG_ANALYZER_NONNULL = YES;
				CLANG_CXX_LANGUAGE_STANDARD = "gnu++0x";
				CLANG_CXX_LIBRARY = "libc++";
				CLANG_ENABLE_MODULES = YES;
				CLANG_ENABLE_OBJC_ARC = YES;
				CLANG_WARN_BOOL_CONVERSION = YES;
				CLANG_WARN_CONSTANT_CONVERSION = YES;
				CLANG_WARN_DIRECT_OBJC_ISA_USAGE = YES_ERROR;
				CLANG_WARN_DOCUMENTATION_COMMENTS = YES;
				CLANG_WARN_EMPTY_BODY = YES;
				CLANG_WARN_ENUM_CONVERSION = YES;
				CLANG_WARN_INFINITE_RECURSION = YES;
				CLANG_WARN_INT_CONVERSION = YES;
				CLANG_WARN_OBJC_ROOT_CLASS = YES_ERROR;
				CLANG_WARN_SUSPICIOUS_MOVE = YES;
				CLANG_WARN_UNREACHABLE_CODE = YES;
				CLANG_WARN__DUPLICATE_METHOD_MATCH = YES;
				CODE_SIGN_IDENTITY = "-";
				COPY_PHASE_STRIP = NO;
				DEBUG_INFORMATION_FORMAT = "dwarf-with-dsym";
				ENABLE_NS_ASSERTIONS = NO;
				ENABLE_STRICT_OBJC_MSGSEND = YES;
				GCC_C_LANGUAGE_STANDARD = gnu99;
				GCC_NO_COMMON_BLOCKS = YES;
				GCC_WARN_64_TO_32_BIT_CONVERSION = YES;
				GCC_WARN_ABOUT_RETURN_TYPE = YES_ERROR;
				GCC_WARN_UNDECLARED_SELECTOR = YES;
				GCC_WARN_UNINITIALIZED_AUTOS = YES_AGGRESSIVE;
				GCC_WARN_UNUSED_FUNCTION = YES;
				GCC_WARN_UNUSED_VARIABLE = YES;
				MACOSX_DEPLOYMENT_TARGET = 10.12;
				MTL_ENABLE_DEBUG_INFO = NO;
				SDKROOT = macosx;
			};
			name = Release;
		};
		6A50895B1E79714800A9156B /* Debug */ = {
			isa = XCBuildConfiguration;
			buildSettings = {
				DEVELOPMENT_TEAM = UL9C9N8227;
				PRODUCT_NAME = "$(TARGET_NAME)";
			};
			name = Debug;
		};
		6A50895C1E79714800A9156B /* Release */ = {
			isa = XCBuildConfiguration;
			buildSettings = {
				DEVELOPMENT_TEAM = UL9C9N8227;
				PRODUCT_NAME = "$(TARGET_NAME)";
			};
			name = Release;
		};
/* End XCBuildConfiguration section */

/* Begin XCConfigurationList section */
		6A50894E1E79714800A9156B /* Build configuration list for PBXProject "Simple_SolarSystem" */ = {
			isa = XCConfigurationList;
			buildConfigurations = (
				6A5089581E79714800A9156B /* Debug */,
				6A5089591E79714800A9156B /* Release */,
			);
			defaultConfigurationIsVisible = 0;
			defaultConfigurationName = Release;
		};
		6A50895A1E79714800A9156B /* Build configuration list for PBXNativeTarget "Simple_SolarSystem" */ = {
			isa = XCConfigurationList;
			buildConfigurations = (
				6A50895B1E79714800A9156B /* Debug */,
				6A50895C1E79714800A9156B /* Release */,
			);
			defaultConfigurationIsVisible = 0;
		};
/* End XCConfigurationList section */
	};
	rootObject = 6A50894B1E79714800A9156B /* Project object */;
}
