// !$*UTF8*$!
{
	archiveVersion = 1;
	classes = {
	};
	objectVersion = 46;
	objects = {

/* Begin PBXBuildFile section */
		BDECDE691E77DE5F002169F6 /* GLUT.framework in Frameworks */ = {isa = PBXBuildFile; fileRef = BDECDE681E77DE5F002169F6 /* GLUT.framework */; };
		BDECDE6B1E77DE74002169F6 /* OpenGL.framework in Frameworks */ = {isa = PBXBuildFile; fileRef = BDECDE6A1E77DE74002169F6 /* OpenGL.framework */; };
		BDECDE6E1E77F56A002169F6 /* main.cpp in Sources */ = {isa = PBXBuildFile; fileRef = BDECDE6C1E77F56A002169F6 /* main.cpp */; };
/* End PBXBuildFile section */

/* Begin PBXCopyFilesBuildPhase section */
		BDECDE5B1E77DE32002169F6 /* CopyFiles */ = {
			isa = PBXCopyFilesBuildPhase;
			buildActionMask = 2147483647;
			dstPath = /usr/share/man/man1/;
			dstSubfolderSpec = 0;
			files = (
			);
			runOnlyForDeploymentPostprocessing = 1;
		};
/* End PBXCopyFilesBuildPhase section */

/* Begin PBXFileReference section */
		BDECDE5D1E77DE32002169F6 /* Galaxy */ = {isa = PBXFileReference; explicitFileType = "compiled.mach-o.executable"; includeInIndex = 0; path = Galaxy; sourceTree = BUILT_PRODUCTS_DIR; };
		BDECDE681E77DE5F002169F6 /* GLUT.framework */ = {isa = PBXFileReference; lastKnownFileType = wrapper.framework; name = GLUT.framework; path = System/Library/Frameworks/GLUT.framework; sourceTree = SDKROOT; };
		BDECDE6A1E77DE74002169F6 /* OpenGL.framework */ = {isa = PBXFileReference; lastKnownFileType = wrapper.framework; name = OpenGL.framework; path = System/Library/Frameworks/OpenGL.framework; sourceTree = SDKROOT; };
		BDECDE6C1E77F56A002169F6 /* main.cpp */ = {isa = PBXFileReference; fileEncoding = 4; lastKnownFileType = sourcecode.cpp.cpp; path = main.cpp; sourceTree = "<group>"; };
/* End PBXFileReference section */

/* Begin PBXFrameworksBuildPhase section */
		BDECDE5A1E77DE32002169F6 /* Frameworks */ = {
			isa = PBXFrameworksBuildPhase;
			buildActionMask = 2147483647;
			files = (
				BDECDE6B1E77DE74002169F6 /* OpenGL.framework in Frameworks */,
				BDECDE691E77DE5F002169F6 /* GLUT.framework in Frameworks */,
			);
			runOnlyForDeploymentPostprocessing = 0;
		};
/* End PBXFrameworksBuildPhase section */

/* Begin PBXGroup section */
		BDECDE541E77DE32002169F6 = {
			isa = PBXGroup;
			children = (
				BDECDE5F1E77DE32002169F6 /* Galaxy */,
				BDECDE5E1E77DE32002169F6 /* Products */,
				BDECDE671E77DE5F002169F6 /* Frameworks */,
			);
			sourceTree = "<group>";
		};
		BDECDE5E1E77DE32002169F6 /* Products */ = {
			isa = PBXGroup;
			children = (
				BDECDE5D1E77DE32002169F6 /* Galaxy */,
			);
			name = Products;
			sourceTree = "<group>";
		};
		BDECDE5F1E77DE32002169F6 /* Galaxy */ = {
			isa = PBXGroup;
			children = (
				BDECDE6C1E77F56A002169F6 /* main.cpp */,
			);
			path = Galaxy;
			sourceTree = "<group>";
		};
		BDECDE671E77DE5F002169F6 /* Frameworks */ = {
			isa = PBXGroup;
			children = (
				BDECDE6A1E77DE74002169F6 /* OpenGL.framework */,
				BDECDE681E77DE5F002169F6 /* GLUT.framework */,
			);
			name = Frameworks;
			sourceTree = "<group>";
		};
/* End PBXGroup section */

/* Begin PBXNativeTarget section */
		BDECDE5C1E77DE32002169F6 /* Galaxy */ = {
			isa = PBXNativeTarget;
			buildConfigurationList = BDECDE641E77DE32002169F6 /* Build configuration list for PBXNativeTarget "Galaxy" */;
			buildPhases = (
				BDECDE591E77DE32002169F6 /* Sources */,
				BDECDE5A1E77DE32002169F6 /* Frameworks */,
				BDECDE5B1E77DE32002169F6 /* CopyFiles */,
			);
			buildRules = (
			);
			dependencies = (
			);
			name = Galaxy;
			productName = Galaxy;
			productReference = BDECDE5D1E77DE32002169F6 /* Galaxy */;
			productType = "com.apple.product-type.tool";
		};
/* End PBXNativeTarget section */

/* Begin PBXProject section */
		BDECDE551E77DE32002169F6 /* Project object */ = {
			isa = PBXProject;
			attributes = {
				LastUpgradeCheck = 0820;
				ORGANIZATIONNAME = MinBaby;
				TargetAttributes = {
					BDECDE5C1E77DE32002169F6 = {
						CreatedOnToolsVersion = 8.2.1;
						ProvisioningStyle = Automatic;
					};
				};
			};
			buildConfigurationList = BDECDE581E77DE32002169F6 /* Build configuration list for PBXProject "Galaxy" */;
			compatibilityVersion = "Xcode 3.2";
			developmentRegion = English;
			hasScannedForEncodings = 0;
			knownRegions = (
				en,
			);
			mainGroup = BDECDE541E77DE32002169F6;
			productRefGroup = BDECDE5E1E77DE32002169F6 /* Products */;
			projectDirPath = "";
			projectRoot = "";
			targets = (
				BDECDE5C1E77DE32002169F6 /* Galaxy */,
			);
		};
/* End PBXProject section */

/* Begin PBXSourcesBuildPhase section */
		BDECDE591E77DE32002169F6 /* Sources */ = {
			isa = PBXSourcesBuildPhase;
			buildActionMask = 2147483647;
			files = (
				BDECDE6E1E77F56A002169F6 /* main.cpp in Sources */,
			);
			runOnlyForDeploymentPostprocessing = 0;
		};
/* End PBXSourcesBuildPhase section */

/* Begin XCBuildConfiguration section */
		BDECDE621E77DE32002169F6 /* Debug */ = {
			isa = XCBuildConfiguration;
			buildSettings = {
				ALWAYS_SEARCH_USER_PATHS = NO;
				CLANG_ANALYZER_NONNULL = YES;
				CLANG_CXX_LANGUAGE_STANDARD = "gnu++0x";
				CLANG_CXX_LIBRARY = "libc++";
				CLANG_ENABLE_MODULES = YES;
				CLANG_ENABLE_OBJC_ARC = YES;
				CLANG_WARN_BOOL_CONVERSION = YES;
				CLANG_WARN_CONSTANT_CONVERSION = YES;
				CLANG_WARN_DIRECT_OBJC_ISA_USAGE = YES_ERROR;
				CLANG_WARN_DOCUMENTATION_COMMENTS = YES;
				CLANG_WARN_EMPTY_BODY = YES;
				CLANG_WARN_ENUM_CONVERSION = YES;
				CLANG_WARN_INFINITE_RECURSION = YES;
				CLANG_WARN_INT_CONVERSION = YES;
				CLANG_WARN_OBJC_ROOT_CLASS = YES_ERROR;
				CLANG_WARN_SUSPICIOUS_MOVE = YES;
				CLANG_WARN_UNREACHABLE_CODE = YES;
				CLANG_WARN__DUPLICATE_METHOD_MATCH = YES;
				CODE_SIGN_IDENTITY = "-";
				COPY_PHASE_STRIP = NO;
				DEBUG_INFORMATION_FORMAT = dwarf;
				ENABLE_STRICT_OBJC_MSGSEND = YES;
				ENABLE_TESTABILITY = YES;
				GCC_C_LANGUAGE_STANDARD = gnu99;
				GCC_DYNAMIC_NO_PIC = NO;
				GCC_NO_COMMON_BLOCKS = YES;
				GCC_OPTIMIZATION_LEVEL = 0;
				GCC_PREPROCESSOR_DEFINITIONS = (
					"DEBUG=1",
					"$(inherited)",
				);
				GCC_WARN_64_TO_32_BIT_CONVERSION = YES;
				GCC_WARN_ABOUT_RETURN_TYPE = YES_ERROR;
				GCC_WARN_UNDECLARED_SELECTOR = YES;
				GCC_WARN_UNINITIALIZED_AUTOS = YES_AGGRESSIVE;
				GCC_WARN_UNUSED_FUNCTION = YES;
				GCC_WARN_UNUSED_VARIABLE = YES;
				MACOSX_DEPLOYMENT_TARGET = 10.12;
				MTL_ENABLE_DEBUG_INFO = YES;
				ONLY_ACTIVE_ARCH = YES;
				SDKROOT = macosx;
			};
			name = Debug;
		};
		BDECDE631E77DE32002169F6 /* Release */ = {
			isa = XCBuildConfiguration;
			buildSettings = {
				ALWAYS_SEARCH_USER_PATHS = NO;
				CLANG_ANALYZER_NONNULL = YES;
				CLANG_CXX_LANGUAGE_STANDARD = "gnu++0x";
				CLANG_CXX_LIBRARY = "libc++";
				CLANG_ENABLE_MODULES = YES;
				CLANG_ENABLE_OBJC_ARC = YES;
				CLANG_WARN_BOOL_CONVERSION = YES;
				CLANG_WARN_CONSTANT_CONVERSION = YES;
				CLANG_WARN_DIRECT_OBJC_ISA_USAGE = YES_ERROR;
				CLANG_WARN_DOCUMENTATION_COMMENTS = YES;
				CLANG_WARN_EMPTY_BODY = YES;
				CLANG_WARN_ENUM_CONVERSION = YES;
				CLANG_WARN_INFINITE_RECURSION = YES;
				CLANG_WARN_INT_CONVERSION = YES;
				CLANG_WARN_OBJC_ROOT_CLASS = YES_ERROR;
				CLANG_WARN_SUSPICIOUS_MOVE = YES;
				CLANG_WARN_UNREACHABLE_CODE = YES;
				CLANG_WARN__DUPLICATE_METHOD_MATCH = YES;
				CODE_SIGN_IDENTITY = "-";
				COPY_PHASE_STRIP = NO;
				DEBUG_INFORMATION_FORMAT = "dwarf-with-dsym";
				ENABLE_NS_ASSERTIONS = NO;
				ENABLE_STRICT_OBJC_MSGSEND = YES;
				GCC_C_LANGUAGE_STANDARD = gnu99;
				GCC_NO_COMMON_BLOCKS = YES;
				GCC_WARN_64_TO_32_BIT_CONVERSION = YES;
				GCC_WARN_ABOUT_RETURN_TYPE = YES_ERROR;
				GCC_WARN_UNDECLARED_SELECTOR = YES;
				GCC_WARN_UNINITIALIZED_AUTOS = YES_AGGRESSIVE;
				GCC_WARN_UNUSED_FUNCTION = YES;
				GCC_WARN_UNUSED_VARIABLE = YES;
				MACOSX_DEPLOYMENT_TARGET = 10.12;
				MTL_ENABLE_DEBUG_INFO = NO;
				SDKROOT = macosx;
			};
			name = Release;
		};
		BDECDE651E77DE32002169F6 /* Debug */ = {
			isa = XCBuildConfiguration;
			buildSettings = {
				PRODUCT_NAME = "$(TARGET_NAME)";
			};
			name = Debug;
		};
		BDECDE661E77DE32002169F6 /* Release */ = {
			isa = XCBuildConfiguration;
			buildSettings = {
				PRODUCT_NAME = "$(TARGET_NAME)";
			};
			name = Release;
		};
/* End XCBuildConfiguration section */

/* Begin XCConfigurationList section */
		BDECDE581E77DE32002169F6 /* Build configuration list for PBXProject "Galaxy" */ = {
			isa = XCConfigurationList;
			buildConfigurations = (
				BDECDE621E77DE32002169F6 /* Debug */,
				BDECDE631E77DE32002169F6 /* Release */,
			);
			defaultConfigurationIsVisible = 0;
			defaultConfigurationName = Release;
		};
		BDECDE641E77DE32002169F6 /* Build configuration list for PBXNativeTarget "Galaxy" */ = {
			isa = XCConfigurationList;
			buildConfigurations = (
				BDECDE651E77DE32002169F6 /* Debug */,
				BDECDE661E77DE32002169F6 /* Release */,
			);
			defaultConfigurationIsVisible = 0;
			defaultConfigurationName = Release;
		};
/* End XCConfigurationList section */
	};
	rootObject = BDECDE551E77DE32002169F6 /* Project object */;
}
